
Microsoft Visual Studio Solution File, Format Version 12.00
Project("{FAE04EC0-301F-11D3-BF4B-00C04F79EFBC}") = "WebApplication", "WebApplication\WebApplication.csproj", "{ADC50249-A1A5-459F-B951-AEBADFA4522E}"
EndProject
Project("{2150E333-8FDC-42A3-9474-1A3956D46DE8}") = "DAL", "DAL", "{A6550642-CDF5-4787-9910-C30147E64A9D}"
EndProject
Project("{2150E333-8FDC-42A3-9474-1A3956D46DE8}") = "BLL", "BLL", "{C5B787A2-0076-4E3F-A642-EF5DFF0FD5B2}"
EndProject
Project("{2150E333-8FDC-42A3-9474-1A3956D46DE8}") = "Web application", "Web application", "{5A2E4937-5F90-48C4-9751-2761891A1B1C}"
EndProject
Project("{FAE04EC0-301F-11D3-BF4B-00C04F79EFBC}") = "BookDAL", "BookDAL\BookDAL.csproj", "{40AD06B5-AC8B-4E30-94F1-4ECB950F36CA}"
EndProject
Project("{FAE04EC0-301F-11D3-BF4B-00C04F79EFBC}") = "GenreDAL", "GenreDAL\GenreDAL.csproj", "{A78A5F20-BFAA-4753-BE1E-FFB20A1B959E}"
EndProject
Project("{FAE04EC0-301F-11D3-BF4B-00C04F79EFBC}") = "ReadersDAL", "ReadersDAL\ReadersDAL.csproj", "{EDC84A5C-2652-488C-8F08-5862B9EC7D33}"
EndProject
Project("{FAE04EC0-301F-11D3-BF4B-00C04F79EFBC}") = "CityDAL", "CityDAL\CityDAL.csproj", "{D7FDAF57-380A-4EE0-B941-103D1BC93A2A}"
EndProject
Project("{FAE04EC0-301F-11D3-BF4B-00C04F79EFBC}") = "PublishingHouseDAL", "PublishingHouseDAL\PublishingHouseDAL.csproj", "{06A2B1B5-F25A-4B7D-B6D3-5F810D7C6E18}"
EndProject
Project("{FAE04EC0-301F-11D3-BF4B-00C04F79EFBC}") = "AbstractDAL", "AbstractDAL\AbstractDAL.csproj", "{A628D791-C410-4F2A-947A-CD74E0E2E263}"
EndProject
Project("{FAE04EC0-301F-11D3-BF4B-00C04F79EFBC}") = "AdaptationsDAL", "AdaptationsDAL\AdaptationsDAL.csproj", "{6AE21355-CCFF-44BA-A64A-3E1622141E0A}"
EndProject
Project("{FAE04EC0-301F-11D3-BF4B-00C04F79EFBC}") = "StorageDAL", "StorageDAL\StorageDAL.csproj", "{91003E2E-3972-4253-8F92-FC9628B72FE1}"
EndProject
Project("{FAE04EC0-301F-11D3-BF4B-00C04F79EFBC}") = "BookCopyDAL", "BookCopyDAL\BookCopyDAL.csproj", "{41DB7BF4-F90C-43FD-A36F-55DAFEB36148}"
EndProject
Project("{FAE04EC0-301F-11D3-BF4B-00C04F79EFBC}") = "ReviewsDAL", "ReviewsDAL\ReviewsDAL.csproj", "{7122F1D8-6630-4C73-8263-8EBD8FA740FB}"
EndProject
Project("{FAE04EC0-301F-11D3-BF4B-00C04F79EFBC}") = "BookIssuanceDAL", "BookIssuanceDAL\BookIssuanceDAL.csproj", "{54A64EA6-617B-47A4-93C2-FF1137B3007A}"
EndProject
Project("{2150E333-8FDC-42A3-9474-1A3956D46DE8}") = "Common", "Common", "{9093A294-BE56-46FA-9190-09B9AD8998A8}"
EndProject
Project("{FAE04EC0-301F-11D3-BF4B-00C04F79EFBC}") = "Entities", "Entities\Entities.csproj", "{0F53A21C-6B58-4F1E-97B4-F6F1B12A34E8}"
EndProject
Project("{FAE04EC0-301F-11D3-BF4B-00C04F79EFBC}") = "FineDAL", "FineDAL\FineDAL.csproj", "{A0EC4559-2BAC-4202-9F52-1EAF9528B7B0}"
EndProject
Project("{FAE04EC0-301F-11D3-BF4B-00C04F79EFBC}") = "AuthorDAL", "AuthorDAL\AuthorDAL.csproj", "{6321DA7C-BC23-4BE9-B507-D8BC28EE8434}"
EndProject
Project("{FAE04EC0-301F-11D3-BF4B-00C04F79EFBC}") = "AuthorsAndBooksDAL", "AuthorsAndBooksDAL\AuthorsAndBooksDAL.csproj", "{186FD707-4793-4A3C-BF4B-15A1A8709926}"
EndProject
Project("{FAE04EC0-301F-11D3-BF4B-00C04F79EFBC}") = "ListGenreDAL", "ListGenreDAL\ListGenreDAL.csproj", "{BF340B8C-6A3B-462F-9FFE-11806762A88E}"
EndProject
Project("{FAE04EC0-301F-11D3-BF4B-00C04F79EFBC}") = "AbstractBLL", "AbstractBLL\AbstractBLL.csproj", "{4ADB255E-7611-4035-AD19-739A015FF921}"
EndProject
Project("{FAE04EC0-301F-11D3-BF4B-00C04F79EFBC}") = "GenreBLL", "GenreBLL\GenreBLL.csproj", "{38527A27-4467-4788-B06B-748E457C0680}"
EndProject
Project("{FAE04EC0-301F-11D3-BF4B-00C04F79EFBC}") = "ReadersBLL", "ReadersBLL\ReadersBLL.csproj", "{A35A9D8F-CE71-446A-BF2D-B6B2E7216718}"
EndProject
Project("{FAE04EC0-301F-11D3-BF4B-00C04F79EFBC}") = "CityBLL", "CityBLL\CityBLL.csproj", "{39C64227-E28E-4DB3-B9B1-A78739EC40DC}"
EndProject
Project("{FAE04EC0-301F-11D3-BF4B-00C04F79EFBC}") = "PublishingHouseBLL", "PublishingHouseBLL\PublishingHouseBLL.csproj", "{48338A78-E015-4987-AE13-0A49D413EFA6}"
EndProject
Project("{FAE04EC0-301F-11D3-BF4B-00C04F79EFBC}") = "BookBLL", "BookBLL\BookBLL.csproj", "{4FBC6DE4-879F-4251-A999-FD8A94C7C634}"
EndProject
Project("{FAE04EC0-301F-11D3-BF4B-00C04F79EFBC}") = "AdaptationsBLL", "AdaptationsBLL\AdaptationsBLL.csproj", "{86DF0B95-BE22-493F-B930-4D8A1E02DE03}"
EndProject
Project("{FAE04EC0-301F-11D3-BF4B-00C04F79EFBC}") = "StorageBLL", "StorageBLL\StorageBLL.csproj", "{1465FC43-B3F9-42C4-9065-EB79B89E9932}"
EndProject
Project("{FAE04EC0-301F-11D3-BF4B-00C04F79EFBC}") = "BookCopyBLL", "BookCopyBLL\BookCopyBLL.csproj", "{8BB638E5-8359-4F37-B1D1-5600B7525BF7}"
EndProject
Project("{FAE04EC0-301F-11D3-BF4B-00C04F79EFBC}") = "ReviewsBLL", "ReviewsBLL\ReviewsBLL.csproj", "{54BE12CF-9EC4-4B25-AE0C-4AA9EC807FC1}"
EndProject
Project("{FAE04EC0-301F-11D3-BF4B-00C04F79EFBC}") = "BookIssuanceBLL", "BookIssuanceBLL\BookIssuanceBLL.csproj", "{6C5590F3-F7D6-4090-84F6-BD1386513683}"
EndProject
Project("{FAE04EC0-301F-11D3-BF4B-00C04F79EFBC}") = "FineBLL", "FineBLL\FineBLL.csproj", "{B63D568F-53A0-40C4-840A-1E3C260F53B8}"
EndProject
Project("{FAE04EC0-301F-11D3-BF4B-00C04F79EFBC}") = "AuthorBLL", "AuthorBLL\AuthorBLL.csproj", "{A06684F6-873A-4345-9A9D-06CC2CFA3632}"
EndProject
Project("{FAE04EC0-301F-11D3-BF4B-00C04F79EFBC}") = "AuthorsAndBooksBLL", "AuthorsAndBooksBLL\AuthorsAndBooksBLL.csproj", "{877BC536-68BA-4899-9A5B-FE1D59972CA8}"
EndProject
Project("{FAE04EC0-301F-11D3-BF4B-00C04F79EFBC}") = "ListGenreBLL", "ListGenreBLL\ListGenreBLL.csproj", "{14146D79-6BDC-482B-BBA1-0415FA509628}"
EndProject
Project("{FAE04EC0-301F-11D3-BF4B-00C04F79EFBC}") = "Utils", "Utils\Utils.csproj", "{D6972AA0-F640-426B-A99E-799F6B9DB799}"
EndProject
Global
	GlobalSection(SolutionConfigurationPlatforms) = preSolution
		Debug|Any CPU = Debug|Any CPU
		Release|Any CPU = Release|Any CPU
	EndGlobalSection
	GlobalSection(ProjectConfigurationPlatforms) = postSolution
		{ADC50249-A1A5-459F-B951-AEBADFA4522E}.Debug|Any CPU.ActiveCfg = Debug|Any CPU
		{ADC50249-A1A5-459F-B951-AEBADFA4522E}.Debug|Any CPU.Build.0 = Debug|Any CPU
		{ADC50249-A1A5-459F-B951-AEBADFA4522E}.Release|Any CPU.ActiveCfg = Release|Any CPU
		{ADC50249-A1A5-459F-B951-AEBADFA4522E}.Release|Any CPU.Build.0 = Release|Any CPU
		{40AD06B5-AC8B-4E30-94F1-4ECB950F36CA}.Debug|Any CPU.ActiveCfg = Debug|Any CPU
		{40AD06B5-AC8B-4E30-94F1-4ECB950F36CA}.Debug|Any CPU.Build.0 = Debug|Any CPU
		{40AD06B5-AC8B-4E30-94F1-4ECB950F36CA}.Release|Any CPU.ActiveCfg = Release|Any CPU
		{40AD06B5-AC8B-4E30-94F1-4ECB950F36CA}.Release|Any CPU.Build.0 = Release|Any CPU
		{A78A5F20-BFAA-4753-BE1E-FFB20A1B959E}.Debug|Any CPU.ActiveCfg = Debug|Any CPU
		{A78A5F20-BFAA-4753-BE1E-FFB20A1B959E}.Debug|Any CPU.Build.0 = Debug|Any CPU
		{A78A5F20-BFAA-4753-BE1E-FFB20A1B959E}.Release|Any CPU.ActiveCfg = Release|Any CPU
		{A78A5F20-BFAA-4753-BE1E-FFB20A1B959E}.Release|Any CPU.Build.0 = Release|Any CPU
		{EDC84A5C-2652-488C-8F08-5862B9EC7D33}.Debug|Any CPU.ActiveCfg = Debug|Any CPU
		{EDC84A5C-2652-488C-8F08-5862B9EC7D33}.Debug|Any CPU.Build.0 = Debug|Any CPU
		{EDC84A5C-2652-488C-8F08-5862B9EC7D33}.Release|Any CPU.ActiveCfg = Release|Any CPU
		{EDC84A5C-2652-488C-8F08-5862B9EC7D33}.Release|Any CPU.Build.0 = Release|Any CPU
		{D7FDAF57-380A-4EE0-B941-103D1BC93A2A}.Debug|Any CPU.ActiveCfg = Debug|Any CPU
		{D7FDAF57-380A-4EE0-B941-103D1BC93A2A}.Debug|Any CPU.Build.0 = Debug|Any CPU
		{D7FDAF57-380A-4EE0-B941-103D1BC93A2A}.Release|Any CPU.ActiveCfg = Release|Any CPU
		{D7FDAF57-380A-4EE0-B941-103D1BC93A2A}.Release|Any CPU.Build.0 = Release|Any CPU
		{06A2B1B5-F25A-4B7D-B6D3-5F810D7C6E18}.Debug|Any CPU.ActiveCfg = Debug|Any CPU
		{06A2B1B5-F25A-4B7D-B6D3-5F810D7C6E18}.Debug|Any CPU.Build.0 = Debug|Any CPU
		{06A2B1B5-F25A-4B7D-B6D3-5F810D7C6E18}.Release|Any CPU.ActiveCfg = Release|Any CPU
		{06A2B1B5-F25A-4B7D-B6D3-5F810D7C6E18}.Release|Any CPU.Build.0 = Release|Any CPU
		{A628D791-C410-4F2A-947A-CD74E0E2E263}.Debug|Any CPU.ActiveCfg = Debug|Any CPU
		{A628D791-C410-4F2A-947A-CD74E0E2E263}.Debug|Any CPU.Build.0 = Debug|Any CPU
		{A628D791-C410-4F2A-947A-CD74E0E2E263}.Release|Any CPU.ActiveCfg = Release|Any CPU
		{A628D791-C410-4F2A-947A-CD74E0E2E263}.Release|Any CPU.Build.0 = Release|Any CPU
		{6AE21355-CCFF-44BA-A64A-3E1622141E0A}.Debug|Any CPU.ActiveCfg = Debug|Any CPU
		{6AE21355-CCFF-44BA-A64A-3E1622141E0A}.Debug|Any CPU.Build.0 = Debug|Any CPU
		{6AE21355-CCFF-44BA-A64A-3E1622141E0A}.Release|Any CPU.ActiveCfg = Release|Any CPU
		{6AE21355-CCFF-44BA-A64A-3E1622141E0A}.Release|Any CPU.Build.0 = Release|Any CPU
		{91003E2E-3972-4253-8F92-FC9628B72FE1}.Debug|Any CPU.ActiveCfg = Debug|Any CPU
		{91003E2E-3972-4253-8F92-FC9628B72FE1}.Debug|Any CPU.Build.0 = Debug|Any CPU
		{91003E2E-3972-4253-8F92-FC9628B72FE1}.Release|Any CPU.ActiveCfg = Release|Any CPU
		{91003E2E-3972-4253-8F92-FC9628B72FE1}.Release|Any CPU.Build.0 = Release|Any CPU
		{41DB7BF4-F90C-43FD-A36F-55DAFEB36148}.Debug|Any CPU.ActiveCfg = Debug|Any CPU
		{41DB7BF4-F90C-43FD-A36F-55DAFEB36148}.Debug|Any CPU.Build.0 = Debug|Any CPU
		{41DB7BF4-F90C-43FD-A36F-55DAFEB36148}.Release|Any CPU.ActiveCfg = Release|Any CPU
		{41DB7BF4-F90C-43FD-A36F-55DAFEB36148}.Release|Any CPU.Build.0 = Release|Any CPU
		{7122F1D8-6630-4C73-8263-8EBD8FA740FB}.Debug|Any CPU.ActiveCfg = Debug|Any CPU
		{7122F1D8-6630-4C73-8263-8EBD8FA740FB}.Debug|Any CPU.Build.0 = Debug|Any CPU
		{7122F1D8-6630-4C73-8263-8EBD8FA740FB}.Release|Any CPU.ActiveCfg = Release|Any CPU
		{7122F1D8-6630-4C73-8263-8EBD8FA740FB}.Release|Any CPU.Build.0 = Release|Any CPU
		{54A64EA6-617B-47A4-93C2-FF1137B3007A}.Debug|Any CPU.ActiveCfg = Debug|Any CPU
		{54A64EA6-617B-47A4-93C2-FF1137B3007A}.Debug|Any CPU.Build.0 = Debug|Any CPU
		{54A64EA6-617B-47A4-93C2-FF1137B3007A}.Release|Any CPU.ActiveCfg = Release|Any CPU
		{54A64EA6-617B-47A4-93C2-FF1137B3007A}.Release|Any CPU.Build.0 = Release|Any CPU
		{0F53A21C-6B58-4F1E-97B4-F6F1B12A34E8}.Debug|Any CPU.ActiveCfg = Debug|Any CPU
		{0F53A21C-6B58-4F1E-97B4-F6F1B12A34E8}.Debug|Any CPU.Build.0 = Debug|Any CPU
		{0F53A21C-6B58-4F1E-97B4-F6F1B12A34E8}.Release|Any CPU.ActiveCfg = Release|Any CPU
		{0F53A21C-6B58-4F1E-97B4-F6F1B12A34E8}.Release|Any CPU.Build.0 = Release|Any CPU
		{A0EC4559-2BAC-4202-9F52-1EAF9528B7B0}.Debug|Any CPU.ActiveCfg = Debug|Any CPU
		{A0EC4559-2BAC-4202-9F52-1EAF9528B7B0}.Debug|Any CPU.Build.0 = Debug|Any CPU
		{A0EC4559-2BAC-4202-9F52-1EAF9528B7B0}.Release|Any CPU.ActiveCfg = Release|Any CPU
		{A0EC4559-2BAC-4202-9F52-1EAF9528B7B0}.Release|Any CPU.Build.0 = Release|Any CPU
		{6321DA7C-BC23-4BE9-B507-D8BC28EE8434}.Debug|Any CPU.ActiveCfg = Debug|Any CPU
		{6321DA7C-BC23-4BE9-B507-D8BC28EE8434}.Debug|Any CPU.Build.0 = Debug|Any CPU
		{6321DA7C-BC23-4BE9-B507-D8BC28EE8434}.Release|Any CPU.ActiveCfg = Release|Any CPU
		{6321DA7C-BC23-4BE9-B507-D8BC28EE8434}.Release|Any CPU.Build.0 = Release|Any CPU
		{186FD707-4793-4A3C-BF4B-15A1A8709926}.Debug|Any CPU.ActiveCfg = Debug|Any CPU
		{186FD707-4793-4A3C-BF4B-15A1A8709926}.Debug|Any CPU.Build.0 = Debug|Any CPU
		{186FD707-4793-4A3C-BF4B-15A1A8709926}.Release|Any CPU.ActiveCfg = Release|Any CPU
		{186FD707-4793-4A3C-BF4B-15A1A8709926}.Release|Any CPU.Build.0 = Release|Any CPU
		{BF340B8C-6A3B-462F-9FFE-11806762A88E}.Debug|Any CPU.ActiveCfg = Debug|Any CPU
		{BF340B8C-6A3B-462F-9FFE-11806762A88E}.Debug|Any CPU.Build.0 = Debug|Any CPU
		{BF340B8C-6A3B-462F-9FFE-11806762A88E}.Release|Any CPU.ActiveCfg = Release|Any CPU
		{BF340B8C-6A3B-462F-9FFE-11806762A88E}.Release|Any CPU.Build.0 = Release|Any CPU
		{4ADB255E-7611-4035-AD19-739A015FF921}.Debug|Any CPU.ActiveCfg = Debug|Any CPU
		{4ADB255E-7611-4035-AD19-739A015FF921}.Debug|Any CPU.Build.0 = Debug|Any CPU
		{4ADB255E-7611-4035-AD19-739A015FF921}.Release|Any CPU.ActiveCfg = Release|Any CPU
		{4ADB255E-7611-4035-AD19-739A015FF921}.Release|Any CPU.Build.0 = Release|Any CPU
		{38527A27-4467-4788-B06B-748E457C0680}.Debug|Any CPU.ActiveCfg = Debug|Any CPU
		{38527A27-4467-4788-B06B-748E457C0680}.Debug|Any CPU.Build.0 = Debug|Any CPU
		{38527A27-4467-4788-B06B-748E457C0680}.Release|Any CPU.ActiveCfg = Release|Any CPU
		{38527A27-4467-4788-B06B-748E457C0680}.Release|Any CPU.Build.0 = Release|Any CPU
		{A35A9D8F-CE71-446A-BF2D-B6B2E7216718}.Debug|Any CPU.ActiveCfg = Debug|Any CPU
		{A35A9D8F-CE71-446A-BF2D-B6B2E7216718}.Debug|Any CPU.Build.0 = Debug|Any CPU
		{A35A9D8F-CE71-446A-BF2D-B6B2E7216718}.Release|Any CPU.ActiveCfg = Release|Any CPU
		{A35A9D8F-CE71-446A-BF2D-B6B2E7216718}.Release|Any CPU.Build.0 = Release|Any CPU
		{39C64227-E28E-4DB3-B9B1-A78739EC40DC}.Debug|Any CPU.ActiveCfg = Debug|Any CPU
		{39C64227-E28E-4DB3-B9B1-A78739EC40DC}.Debug|Any CPU.Build.0 = Debug|Any CPU
		{39C64227-E28E-4DB3-B9B1-A78739EC40DC}.Release|Any CPU.ActiveCfg = Release|Any CPU
		{39C64227-E28E-4DB3-B9B1-A78739EC40DC}.Release|Any CPU.Build.0 = Release|Any CPU
		{48338A78-E015-4987-AE13-0A49D413EFA6}.Debug|Any CPU.ActiveCfg = Debug|Any CPU
		{48338A78-E015-4987-AE13-0A49D413EFA6}.Debug|Any CPU.Build.0 = Debug|Any CPU
		{48338A78-E015-4987-AE13-0A49D413EFA6}.Release|Any CPU.ActiveCfg = Release|Any CPU
		{48338A78-E015-4987-AE13-0A49D413EFA6}.Release|Any CPU.Build.0 = Release|Any CPU
		{4FBC6DE4-879F-4251-A999-FD8A94C7C634}.Debug|Any CPU.ActiveCfg = Debug|Any CPU
		{4FBC6DE4-879F-4251-A999-FD8A94C7C634}.Debug|Any CPU.Build.0 = Debug|Any CPU
		{4FBC6DE4-879F-4251-A999-FD8A94C7C634}.Release|Any CPU.ActiveCfg = Release|Any CPU
		{4FBC6DE4-879F-4251-A999-FD8A94C7C634}.Release|Any CPU.Build.0 = Release|Any CPU
		{86DF0B95-BE22-493F-B930-4D8A1E02DE03}.Debug|Any CPU.ActiveCfg = Debug|Any CPU
		{86DF0B95-BE22-493F-B930-4D8A1E02DE03}.Debug|Any CPU.Build.0 = Debug|Any CPU
		{86DF0B95-BE22-493F-B930-4D8A1E02DE03}.Release|Any CPU.ActiveCfg = Release|Any CPU
		{86DF0B95-BE22-493F-B930-4D8A1E02DE03}.Release|Any CPU.Build.0 = Release|Any CPU
		{1465FC43-B3F9-42C4-9065-EB79B89E9932}.Debug|Any CPU.ActiveCfg = Debug|Any CPU
		{1465FC43-B3F9-42C4-9065-EB79B89E9932}.Debug|Any CPU.Build.0 = Debug|Any CPU
		{1465FC43-B3F9-42C4-9065-EB79B89E9932}.Release|Any CPU.ActiveCfg = Release|Any CPU
		{1465FC43-B3F9-42C4-9065-EB79B89E9932}.Release|Any CPU.Build.0 = Release|Any CPU
		{8BB638E5-8359-4F37-B1D1-5600B7525BF7}.Debug|Any CPU.ActiveCfg = Debug|Any CPU
		{8BB638E5-8359-4F37-B1D1-5600B7525BF7}.Debug|Any CPU.Build.0 = Debug|Any CPU
		{8BB638E5-8359-4F37-B1D1-5600B7525BF7}.Release|Any CPU.ActiveCfg = Release|Any CPU
		{8BB638E5-8359-4F37-B1D1-5600B7525BF7}.Release|Any CPU.Build.0 = Release|Any CPU
		{54BE12CF-9EC4-4B25-AE0C-4AA9EC807FC1}.Debug|Any CPU.ActiveCfg = Debug|Any CPU
		{54BE12CF-9EC4-4B25-AE0C-4AA9EC807FC1}.Debug|Any CPU.Build.0 = Debug|Any CPU
		{54BE12CF-9EC4-4B25-AE0C-4AA9EC807FC1}.Release|Any CPU.ActiveCfg = Release|Any CPU
		{54BE12CF-9EC4-4B25-AE0C-4AA9EC807FC1}.Release|Any CPU.Build.0 = Release|Any CPU
		{6C5590F3-F7D6-4090-84F6-BD1386513683}.Debug|Any CPU.ActiveCfg = Debug|Any CPU
		{6C5590F3-F7D6-4090-84F6-BD1386513683}.Debug|Any CPU.Build.0 = Debug|Any CPU
		{6C5590F3-F7D6-4090-84F6-BD1386513683}.Release|Any CPU.ActiveCfg = Release|Any CPU
		{6C5590F3-F7D6-4090-84F6-BD1386513683}.Release|Any CPU.Build.0 = Release|Any CPU
		{B63D568F-53A0-40C4-840A-1E3C260F53B8}.Debug|Any CPU.ActiveCfg = Debug|Any CPU
		{B63D568F-53A0-40C4-840A-1E3C260F53B8}.Debug|Any CPU.Build.0 = Debug|Any CPU
		{B63D568F-53A0-40C4-840A-1E3C260F53B8}.Release|Any CPU.ActiveCfg = Release|Any CPU
		{B63D568F-53A0-40C4-840A-1E3C260F53B8}.Release|Any CPU.Build.0 = Release|Any CPU
		{A06684F6-873A-4345-9A9D-06CC2CFA3632}.Debug|Any CPU.ActiveCfg = Debug|Any CPU
		{A06684F6-873A-4345-9A9D-06CC2CFA3632}.Debug|Any CPU.Build.0 = Debug|Any CPU
		{A06684F6-873A-4345-9A9D-06CC2CFA3632}.Release|Any CPU.ActiveCfg = Release|Any CPU
		{A06684F6-873A-4345-9A9D-06CC2CFA3632}.Release|Any CPU.Build.0 = Release|Any CPU
		{877BC536-68BA-4899-9A5B-FE1D59972CA8}.Debug|Any CPU.ActiveCfg = Debug|Any CPU
		{877BC536-68BA-4899-9A5B-FE1D59972CA8}.Debug|Any CPU.Build.0 = Debug|Any CPU
		{877BC536-68BA-4899-9A5B-FE1D59972CA8}.Release|Any CPU.ActiveCfg = Release|Any CPU
		{877BC536-68BA-4899-9A5B-FE1D59972CA8}.Release|Any CPU.Build.0 = Release|Any CPU
		{14146D79-6BDC-482B-BBA1-0415FA509628}.Debug|Any CPU.ActiveCfg = Debug|Any CPU
		{14146D79-6BDC-482B-BBA1-0415FA509628}.Debug|Any CPU.Build.0 = Debug|Any CPU
		{14146D79-6BDC-482B-BBA1-0415FA509628}.Release|Any CPU.ActiveCfg = Release|Any CPU
		{14146D79-6BDC-482B-BBA1-0415FA509628}.Release|Any CPU.Build.0 = Release|Any CPU
		{D6972AA0-F640-426B-A99E-799F6B9DB799}.Debug|Any CPU.ActiveCfg = Debug|Any CPU
		{D6972AA0-F640-426B-A99E-799F6B9DB799}.Debug|Any CPU.Build.0 = Debug|Any CPU
		{D6972AA0-F640-426B-A99E-799F6B9DB799}.Release|Any CPU.ActiveCfg = Release|Any CPU
		{D6972AA0-F640-426B-A99E-799F6B9DB799}.Release|Any CPU.Build.0 = Release|Any CPU
	EndGlobalSection
	GlobalSection(NestedProjects) = preSolution
		{ADC50249-A1A5-459F-B951-AEBADFA4522E} = {5A2E4937-5F90-48C4-9751-2761891A1B1C}
		{40AD06B5-AC8B-4E30-94F1-4ECB950F36CA} = {A6550642-CDF5-4787-9910-C30147E64A9D}
		{A78A5F20-BFAA-4753-BE1E-FFB20A1B959E} = {A6550642-CDF5-4787-9910-C30147E64A9D}
		{EDC84A5C-2652-488C-8F08-5862B9EC7D33} = {A6550642-CDF5-4787-9910-C30147E64A9D}
		{D7FDAF57-380A-4EE0-B941-103D1BC93A2A} = {A6550642-CDF5-4787-9910-C30147E64A9D}
		{06A2B1B5-F25A-4B7D-B6D3-5F810D7C6E18} = {A6550642-CDF5-4787-9910-C30147E64A9D}
		{A628D791-C410-4F2A-947A-CD74E0E2E263} = {A6550642-CDF5-4787-9910-C30147E64A9D}
		{6AE21355-CCFF-44BA-A64A-3E1622141E0A} = {A6550642-CDF5-4787-9910-C30147E64A9D}
		{91003E2E-3972-4253-8F92-FC9628B72FE1} = {A6550642-CDF5-4787-9910-C30147E64A9D}
		{41DB7BF4-F90C-43FD-A36F-55DAFEB36148} = {A6550642-CDF5-4787-9910-C30147E64A9D}
		{7122F1D8-6630-4C73-8263-8EBD8FA740FB} = {A6550642-CDF5-4787-9910-C30147E64A9D}
		{54A64EA6-617B-47A4-93C2-FF1137B3007A} = {A6550642-CDF5-4787-9910-C30147E64A9D}
		{0F53A21C-6B58-4F1E-97B4-F6F1B12A34E8} = {9093A294-BE56-46FA-9190-09B9AD8998A8}
		{A0EC4559-2BAC-4202-9F52-1EAF9528B7B0} = {A6550642-CDF5-4787-9910-C30147E64A9D}
		{6321DA7C-BC23-4BE9-B507-D8BC28EE8434} = {A6550642-CDF5-4787-9910-C30147E64A9D}
		{186FD707-4793-4A3C-BF4B-15A1A8709926} = {A6550642-CDF5-4787-9910-C30147E64A9D}
		{BF340B8C-6A3B-462F-9FFE-11806762A88E} = {A6550642-CDF5-4787-9910-C30147E64A9D}
		{4ADB255E-7611-4035-AD19-739A015FF921} = {C5B787A2-0076-4E3F-A642-EF5DFF0FD5B2}
		{38527A27-4467-4788-B06B-748E457C0680} = {C5B787A2-0076-4E3F-A642-EF5DFF0FD5B2}
		{A35A9D8F-CE71-446A-BF2D-B6B2E7216718} = {C5B787A2-0076-4E3F-A642-EF5DFF0FD5B2}
		{39C64227-E28E-4DB3-B9B1-A78739EC40DC} = {C5B787A2-0076-4E3F-A642-EF5DFF0FD5B2}
		{48338A78-E015-4987-AE13-0A49D413EFA6} = {C5B787A2-0076-4E3F-A642-EF5DFF0FD5B2}
		{4FBC6DE4-879F-4251-A999-FD8A94C7C634} = {C5B787A2-0076-4E3F-A642-EF5DFF0FD5B2}
		{86DF0B95-BE22-493F-B930-4D8A1E02DE03} = {C5B787A2-0076-4E3F-A642-EF5DFF0FD5B2}
		{1465FC43-B3F9-42C4-9065-EB79B89E9932} = {C5B787A2-0076-4E3F-A642-EF5DFF0FD5B2}
		{8BB638E5-8359-4F37-B1D1-5600B7525BF7} = {C5B787A2-0076-4E3F-A642-EF5DFF0FD5B2}
		{54BE12CF-9EC4-4B25-AE0C-4AA9EC807FC1} = {C5B787A2-0076-4E3F-A642-EF5DFF0FD5B2}
		{6C5590F3-F7D6-4090-84F6-BD1386513683} = {C5B787A2-0076-4E3F-A642-EF5DFF0FD5B2}
		{B63D568F-53A0-40C4-840A-1E3C260F53B8} = {C5B787A2-0076-4E3F-A642-EF5DFF0FD5B2}
		{A06684F6-873A-4345-9A9D-06CC2CFA3632} = {C5B787A2-0076-4E3F-A642-EF5DFF0FD5B2}
		{877BC536-68BA-4899-9A5B-FE1D59972CA8} = {C5B787A2-0076-4E3F-A642-EF5DFF0FD5B2}
		{14146D79-6BDC-482B-BBA1-0415FA509628} = {C5B787A2-0076-4E3F-A642-EF5DFF0FD5B2}
		{D6972AA0-F640-426B-A99E-799F6B9DB799} = {9093A294-BE56-46FA-9190-09B9AD8998A8}
	EndGlobalSection
EndGlobal
